{
  "name": "pholiday",
  "version": "0.2.2",
  "lockfileVersion": 1,
  "requires": true,
  "dependencies": {
    "jalaali-js": {
      "version": "0.2.0",
      "resolved": "https://registry.npmjs.org/jalaali-js/-/jalaali-js-0.2.0.tgz",
      "integrity": "sha1-EJazxyD8dOPdKt96b8AepPu0uhw="
    },
    "moment": {
      "version": "2.29.1",
      "resolved": "https://registry.npmjs.org/moment/-/moment-2.29.1.tgz",
      "integrity": "sha512-kHmoybcPV8Sqy59DwNDY3Jefr64lK/by/da0ViFcuA4DH0vQg5Q6Ze5VimxkfQNSC+Mls/Kx53s7TjP1RhFEDQ=="
    },
    "moment-hijri": {
      "version": "2.1.2",
      "resolved": "https://registry.npmjs.org/moment-hijri/-/moment-hijri-2.1.2.tgz",
      "integrity": "sha512-p5ZOA1UzBHAAXiePh37XRjjwuyH78+1ShYZ7R6jogxketewG7kTCUjUmcP9c4Qsx8D8cqxwUWrESjtgdT6tNoA==",
      "requires": {
        "moment": "^2.24.0"
      }
    },
    "moment-jalaali": {
      "version": "0.6.1",
      "resolved": "https://registry.npmjs.org/moment-jalaali/-/moment-jalaali-0.6.1.tgz",
      "integrity": "sha1-RQBDiVyMj31ms4yG4YhNzgWQaWU=",
      "requires": {
        "jalaali-js": "^0.2.0",
        "moment": "^2.12.0"
      }
    }
  }
}
